<?xml version="1.0" encoding="utf-8"?>
<Project ToolsVersion="4.0" xmlns="http://schemas.microsoft.com/developer/msbuild/2003">
  <ItemGroup>
    <Filter Include="Engine">
      <UniqueIdentifier>{75dfd197-eb6d-4256-a524-e9d6d2a16f5f}</UniqueIdentifier>
    </Filter>
    <Filter Include="Engine\Source Files">
      <UniqueIdentifier>{4FC737F1-C7A5-4376-A066-2A32D752A2FF}</UniqueIdentifier>
      <Extensions>cpp;c;cc;cxx;c++;cppm;ixx;def;odl;idl;hpj;bat;asm;asmx</Extensions>
    </Filter>
    <Filter Include="Engine\Header Files">
      <UniqueIdentifier>{93995380-89BD-4b04-88EB-625FBE52EBFB}</UniqueIdentifier>
      <Extensions>h;hh;hpp;hxx;h++;hm;inl;inc;ipp;xsd</Extensions>
    </Filter>
    <Filter Include="Engine\Resource Files">
      <UniqueIdentifier>{67DA6AB6-F800-4c08-8B7A-83BB121AAD01}</UniqueIdentifier>
      <Extensions>rc;ico;cur;bmp;dlg;rc2;rct;bin;rgs;gif;jpg;jpeg;jpe;resx;tiff;tif;png;wav;mfcribbon-ms</Extensions>
    </Filter>
    <Filter Include="Engine\Renderer">
      <UniqueIdentifier>{c8d111dd-b34b-42e8-acaf-79eb1380e35c}</UniqueIdentifier>
    </Filter>
    <Filter Include="Platform">
      <UniqueIdentifier>{33d2d69a-8c8c-4d58-82b3-2d51e677ba45}</UniqueIdentifier>
    </Filter>
    <Filter Include="Platform\Windows">
      <UniqueIdentifier>{84323690-896e-458c-b272-39727f636544}</UniqueIdentifier>
    </Filter>
    <Filter Include="Platform\Windows\Header Files">
      <UniqueIdentifier>{c202b1ce-a260-42be-9569-4701ad384f2f}</UniqueIdentifier>
    </Filter>
    <Filter Include="Platform\Windows\Source Files">
      <UniqueIdentifier>{cbd35508-80dd-4e1b-8ba1-87e23aca9aca}</UniqueIdentifier>
    </Filter>
    <Filter Include="Engine\Renderer\APIs">
      <UniqueIdentifier>{5d6948ac-5c84-4516-8117-039f123bd86e}</UniqueIdentifier>
    </Filter>
    <Filter Include="Engine\Renderer\APIs\DirectX11">
      <UniqueIdentifier>{04a9e021-2d32-4291-9b0e-2244f2671860}</UniqueIdentifier>
    </Filter>
    <Filter Include="Engine\Renderer\APIs\DirectX11\Header Files">
      <UniqueIdentifier>{b0b085b8-24d2-41a2-a3d8-1a85ed641a13}</UniqueIdentifier>
    </Filter>
    <Filter Include="Engine\Renderer\APIs\DirectX11\Source Files">
      <UniqueIdentifier>{fc2c0239-3ac3-4109-833f-9f00403e3fce}</UniqueIdentifier>
    </Filter>
    <Filter Include="Engine\Renderer\APIs\DirectX11\Source Files\Shaders">
      <UniqueIdentifier>{13196f6b-e89c-41ef-9872-577f512a1ff9}</UniqueIdentifier>
    </Filter>
    <Filter Include="Engine\Renderer\APIs\DirectX11\Source Files\Shaders\Vertex Shaders">
      <UniqueIdentifier>{eb68fa8d-b12c-4df4-8c7d-60bbfd4a6ef4}</UniqueIdentifier>
    </Filter>
    <Filter Include="Engine\Renderer\APIs\DirectX11\Source Files\Shaders\Pixel Shaders">
      <UniqueIdentifier>{31f8b93b-d9a6-428b-884b-c3898ff7d5bc}</UniqueIdentifier>
    </Filter>
  </ItemGroup>
  <ItemGroup>
    <ClInclude Include="Window.h">
      <Filter>Platform\Windows\Header Files</Filter>
    </ClInclude>
    <ClInclude Include="Input.h">
      <Filter>Platform\Windows\Header Files</Filter>
    </ClInclude>
    <ClInclude Include="Engine.h">
      <Filter>Engine\Header Files</Filter>
    </ClInclude>
    <ClInclude Include="Game.h">
      <Filter>Engine\Header Files</Filter>
    </ClInclude>
    <ClInclude Include="Timer.h">
      <Filter>Engine\Header Files</Filter>
    </ClInclude>
    <ClInclude Include="App.h">
      <Filter>Engine\Header Files</Filter>
    </ClInclude>
    <ClInclude Include="Error.h">
      <Filter>Engine\Header Files</Filter>
    </ClInclude>
    <ClInclude Include="Graphics.h">
      <Filter>Engine\Renderer</Filter>
    </ClInclude>
    <ClInclude Include="LearningEngine.h">
      <Filter>Engine</Filter>
    </ClInclude>
    <ClInclude Include="DirectX11.h">
      <Filter>Engine\Renderer\APIs\DirectX11\Header Files</Filter>
    </ClInclude>
  </ItemGroup>
  <ItemGroup>
    <ClCompile Include="Window.cpp">
      <Filter>Platform\Windows\Source Files</Filter>
    </ClCompile>
    <ClCompile Include="Main.cpp" />
    <ClCompile Include="Input.cpp">
      <Filter>Platform\Windows\Source Files</Filter>
    </ClCompile>
    <ClCompile Include="Game.cpp">
      <Filter>Engine\Source Files</Filter>
    </ClCompile>
    <ClCompile Include="Timer.cpp">
      <Filter>Engine\Source Files</Filter>
    </ClCompile>
    <ClCompile Include="Engine.cpp">
      <Filter>Engine\Source Files</Filter>
    </ClCompile>
    <ClCompile Include="App.cpp">
      <Filter>Engine\Source Files</Filter>
    </ClCompile>
    <ClCompile Include="Error.cpp">
      <Filter>Engine\Source Files</Filter>
    </ClCompile>
    <ClCompile Include="Graphics.cpp">
      <Filter>Engine\Renderer</Filter>
    </ClCompile>
    <ClCompile Include="DirectX11.cpp">
      <Filter>Engine\Renderer\APIs\DirectX11\Source Files</Filter>
    </ClCompile>
  </ItemGroup>
  <ItemGroup>
    <FxCompile Include="VertexShader.hlsl">
      <Filter>Engine\Renderer\APIs\DirectX11\Source Files</Filter>
    </FxCompile>
    <FxCompile Include="PixelShader.hlsl">
      <Filter>Engine\Renderer\APIs\DirectX11\Source Files</Filter>
    </FxCompile>
  </ItemGroup>
</Project>